
Microsoft Visual Studio Solution File, Format Version 12.00
# Visual Studio Version 17
VisualStudioVersion = 17.9.34616.47
MinimumVisualStudioVersion = 10.0.40219.1
Project("{9A19103F-16F7-4668-BE54-9A1E7A4F7556}") = "View", "Contacts\View.csproj", "{4D8D51B5-573E-4866-BC1C-9BC3BC8370D6}"
EndProject
Global
	GlobalSection(SolutionConfigurationPlatforms) = preSolution
		Debug|Any CPU = Debug|Any CPU
		Release|Any CPU = Release|Any CPU
	EndGlobalSection
	GlobalSection(ProjectConfigurationPlatforms) = postSolution
		{4D8D51B5-573E-4866-BC1C-9BC3BC8370D6}.Debug|Any CPU.ActiveCfg = Debug|Any CPU
		{4D8D51B5-573E-4866-BC1C-9BC3BC8370D6}.Debug|Any CPU.Build.0 = Debug|Any CPU
		{4D8D51B5-573E-4866-BC1C-9BC3BC8370D6}.Release|Any CPU.ActiveCfg = Release|Any CPU
		{4D8D51B5-573E-4866-BC1C-9BC3BC8370D6}.Release|Any CPU.Build.0 = Release|Any CPU
	EndGlobalSection
	GlobalSection(SolutionProperties) = preSolution
		HideSolutionNode = FALSE
	EndGlobalSection
	GlobalSection(ExtensibilityGlobals) = postSolution
		SolutionGuid = {1461D16B-41EF-4949-BD84-CEB8FAED917B}
	EndGlobalSection
EndGlobal
